
Microsoft Visual Studio Solution File, Format Version 12.00
# Visual Studio 14
VisualStudioVersion = 14.0.24720.0
MinimumVisualStudioVersion = 10.0.40219.1
Project("{FAE04EC0-301F-11D3-BF4B-00C04F79EFBC}") = "AIStudio Microsoft Bot Framework1", "AIStudio Microsoft Bot Framework1\AIStudio Microsoft Bot Framework1.csproj", "{D6A7941D-958A-4FA6-8DD8-1156A45D9DCA}"
EndProject
Global
	GlobalSection(SolutionConfigurationPlatforms) = preSolution
		Debug|Any CPU = Debug|Any CPU
		Release|Any CPU = Release|Any CPU
	EndGlobalSection
	GlobalSection(ProjectConfigurationPlatforms) = postSolution
		{D6A7941D-958A-4FA6-8DD8-1156A45D9DCA}.Debug|Any CPU.ActiveCfg = Debug|Any CPU
		{D6A7941D-958A-4FA6-8DD8-1156A45D9DCA}.Debug|Any CPU.Build.0 = Debug|Any CPU
		{D6A7941D-958A-4FA6-8DD8-1156A45D9DCA}.Release|Any CPU.ActiveCfg = Release|Any CPU
		{D6A7941D-958A-4FA6-8DD8-1156A45D9DCA}.Release|Any CPU.Build.0 = Release|Any CPU
	EndGlobalSection
	GlobalSection(SolutionProperties) = preSolution
		HideSolutionNode = FALSE
	EndGlobalSection
EndGlobal
